// !$*UTF8*$!
{
	archiveVersion = 1;
	classes = {
	};
	objectVersion = 56;
	objects = {

/* Begin PBXBuildFile section */
		C2D32AC02B2DEB5C00EFDB8D /* AppDelegate.m in Sources */ = {isa = PBXBuildFile; fileRef = C2D32ABF2B2DEB5C00EFDB8D /* AppDelegate.m */; };
		C2D32AC32B2DEB5C00EFDB8D /* SceneDelegate.m in Sources */ = {isa = PBXBuildFile; fileRef = C2D32AC22B2DEB5C00EFDB8D /* SceneDelegate.m */; };
		C2D32AC62B2DEB5C00EFDB8D /* ViewController.m in Sources */ = {isa = PBXBuildFile; fileRef = C2D32AC52B2DEB5C00EFDB8D /* ViewController.m */; };
		C2D32AC92B2DEB5C00EFDB8D /* Main.storyboard in Resources */ = {isa = PBXBuildFile; fileRef = C2D32AC72B2DEB5C00EFDB8D /* Main.storyboard */; };
		C2D32ACB2B2DEB5D00EFDB8D /* Assets.xcassets in Resources */ = {isa = PBXBuildFile; fileRef = C2D32ACA2B2DEB5D00EFDB8D /* Assets.xcassets */; };
		C2D32ACE2B2DEB5D00EFDB8D /* LaunchScreen.storyboard in Resources */ = {isa = PBXBuildFile; fileRef = C2D32ACC2B2DEB5D00EFDB8D /* LaunchScreen.storyboard */; };
		C2D32AD12B2DEB5D00EFDB8D /* main.m in Sources */ = {isa = PBXBuildFile; fileRef = C2D32AD02B2DEB5D00EFDB8D /* main.m */; };
/* End PBXBuildFile section */

/* Begin PBXFileReference section */
		C2D32ABB2B2DEB5C00EFDB8D /* ProjectObjectiveC.app */ = {isa = PBXFileReference; explicitFileType = wrapper.application; includeInIndex = 0; path = ProjectObjectiveC.app; sourceTree = BUILT_PRODUCTS_DIR; };
		C2D32ABE2B2DEB5C00EFDB8D /* AppDelegate.h */ = {isa = PBXFileReference; lastKnownFileType = sourcecode.c.h; path = AppDelegate.h; sourceTree = "<group>"; };
		C2D32ABF2B2DEB5C00EFDB8D /* AppDelegate.m */ = {isa = PBXFileReference; lastKnownFileType = sourcecode.c.objc; path = AppDelegate.m; sourceTree = "<group>"; };
		C2D32AC12B2DEB5C00EFDB8D /* SceneDelegate.h */ = {isa = PBXFileReference; lastKnownFileType = sourcecode.c.h; path = SceneDelegate.h; sourceTree = "<group>"; };
		C2D32AC22B2DEB5C00EFDB8D /* SceneDelegate.m */ = {isa = PBXFileReference; lastKnownFileType = sourcecode.c.objc; path = SceneDelegate.m; sourceTree = "<group>"; };
		C2D32AC42B2DEB5C00EFDB8D /* ViewController.h */ = {isa = PBXFileReference; lastKnownFileType = sourcecode.c.h; path = ViewController.h; sourceTree = "<group>"; };
		C2D32AC52B2DEB5C00EFDB8D /* ViewController.m */ = {isa = PBXFileReference; lastKnownFileType = sourcecode.c.objc; path = ViewController.m; sourceTree = "<group>"; };
		C2D32AC82B2DEB5C00EFDB8D /* Base */ = {isa = PBXFileReference; lastKnownFileType = file.storyboard; name = Base; path = Base.lproj/Main.storyboard; sourceTree = "<group>"; };
		C2D32ACA2B2DEB5D00EFDB8D /* Assets.xcassets */ = {isa = PBXFileReference; lastKnownFileType = folder.assetcatalog; path = Assets.xcassets; sourceTree = "<group>"; };
		C2D32ACD2B2DEB5D00EFDB8D /* Base */ = {isa = PBXFileReference; lastKnownFileType = file.storyboard; name = Base; path = Base.lproj/LaunchScreen.storyboard; sourceTree = "<group>"; };
		C2D32ACF2B2DEB5D00EFDB8D /* Info.plist */ = {isa = PBXFileReference; lastKnownFileType = text.plist.xml; path = Info.plist; sourceTree = "<group>"; };
		C2D32AD02B2DEB5D00EFDB8D /* main.m */ = {isa = PBXFileReference; lastKnownFileType = sourcecode.c.objc; path = main.m; sourceTree = "<group>"; };
/* End PBXFileReference section */

/* Begin PBXFrameworksBuildPhase section */
		C2D32AB82B2DEB5C00EFDB8D /* Frameworks */ = {
			isa = PBXFrameworksBuildPhase;
			buildActionMask = 2147483647;
			files = (
			);
			runOnlyForDeploymentPostprocessing = 0;
		};
/* End PBXFrameworksBuildPhase section */

/* Begin PBXGroup section */
		C2D32AB22B2DEB5C00EFDB8D = {
			isa = PBXGroup;
			children = (
				C2D32ABD2B2DEB5C00EFDB8D /* ProjectObjectiveC */,
				C2D32ABC2B2DEB5C00EFDB8D /* Products */,
			);
			sourceTree = "<group>";
		};
		C2D32ABC2B2DEB5C00EFDB8D /* Products */ = {
			isa = PBXGroup;
			children = (
				C2D32ABB2B2DEB5C00EFDB8D /* ProjectObjectiveC.app */,
			);
			name = Products;
			sourceTree = "<group>";
		};
		C2D32ABD2B2DEB5C00EFDB8D /* ProjectObjectiveC */ = {
			isa = PBXGroup;
			children = (
				C2D32ABE2B2DEB5C00EFDB8D /* AppDelegate.h */,
				C2D32ABF2B2DEB5C00EFDB8D /* AppDelegate.m */,
				C2D32AC12B2DEB5C00EFDB8D /* SceneDelegate.h */,
				C2D32AC22B2DEB5C00EFDB8D /* SceneDelegate.m */,
				C2D32AC42B2DEB5C00EFDB8D /* ViewController.h */,
				C2D32AC52B2DEB5C00EFDB8D /* ViewController.m */,
				C2D32AC72B2DEB5C00EFDB8D /* Main.storyboard */,
				C2D32ACA2B2DEB5D00EFDB8D /* Assets.xcassets */,
				C2D32ACC2B2DEB5D00EFDB8D /* LaunchScreen.storyboard */,
				C2D32ACF2B2DEB5D00EFDB8D /* Info.plist */,
				C2D32AD02B2DEB5D00EFDB8D /* main.m */,
			);
			path = ProjectObjectiveC;
			sourceTree = "<group>";
		};
/* End PBXGroup section */

/* Begin PBXNativeTarget section */
		C2D32ABA2B2DEB5C00EFDB8D /* ProjectObjectiveC */ = {
			isa = PBXNativeTarget;
			buildConfigurationList = C2D32AD42B2DEB5D00EFDB8D /* Build configuration list for PBXNativeTarget "ProjectObjectiveC" */;
			buildPhases = (
				C2D32AB72B2DEB5C00EFDB8D /* Sources */,
				C2D32AB82B2DEB5C00EFDB8D /* Frameworks */,
				C2D32AB92B2DEB5C00EFDB8D /* Resources */,
			);
			buildRules = (
			);
			dependencies = (
			);
			name = ProjectObjectiveC;
			productName = ProjectObjectiveC;
			productReference = C2D32ABB2B2DEB5C00EFDB8D /* ProjectObjectiveC.app */;
			productType = "com.apple.product-type.application";
		};
/* End PBXNativeTarget section */

/* Begin PBXProject section */
		C2D32AB32B2DEB5C00EFDB8D /* Project object */ = {
			isa = PBXProject;
			attributes = {
				BuildIndependentTargetsInParallel = 1;
				LastUpgradeCheck = 1500;
				TargetAttributes = {
					C2D32ABA2B2DEB5C00EFDB8D = {
						CreatedOnToolsVersion = 15.0.1;
					};
				};
			};
			buildConfigurationList = C2D32AB62B2DEB5C00EFDB8D /* Build configuration list for PBXProject "ProjectObjectiveC" */;
			compatibilityVersion = "Xcode 14.0";
			developmentRegion = en;
			hasScannedForEncodings = 0;
			knownRegions = (
				en,
				Base,
			);
			mainGroup = C2D32AB22B2DEB5C00EFDB8D;
			productRefGroup = C2D32ABC2B2DEB5C00EFDB8D /* Products */;
			projectDirPath = "";
			projectRoot = "";
			targets = (
				C2D32ABA2B2DEB5C00EFDB8D /* ProjectObjectiveC */,
			);
		};
/* End PBXProject section */

/* Begin PBXResourcesBuildPhase section */
		C2D32AB92B2DEB5C00EFDB8D /* Resources */ = {
			isa = PBXResourcesBuildPhase;
			buildActionMask = 2147483647;
			files = (
				C2D32ACE2B2DEB5D00EFDB8D /* LaunchScreen.storyboard in Resources */,
				C2D32ACB2B2DEB5D00EFDB8D /* Assets.xcassets in Resources */,
				C2D32AC92B2DEB5C00EFDB8D /* Main.storyboard in Resources */,
			);
			runOnlyForDeploymentPostprocessing = 0;
		};
/* End PBXResourcesBuildPhase section */

/* Begin PBXSourcesBuildPhase section */
		C2D32AB72B2DEB5C00EFDB8D /* Sources */ = {
			isa = PBXSourcesBuildPhase;
			buildActionMask = 2147483647;
			files = (
				C2D32AC62B2DEB5C00EFDB8D /* ViewController.m in Sources */,
				C2D32AC02B2DEB5C00EFDB8D /* AppDelegate.m in Sources */,
				C2D32AD12B2DEB5D00EFDB8D /* main.m in Sources */,
				C2D32AC32B2DEB5C00EFDB8D /* SceneDelegate.m in Sources */,
			);
			runOnlyForDeploymentPostprocessing = 0;
		};
/* End PBXSourcesBuildPhase section */

/* Begin PBXVariantGroup section */
		C2D32AC72B2DEB5C00EFDB8D /* Main.storyboard */ = {
			isa = PBXVariantGroup;
			children = (
				C2D32AC82B2DEB5C00EFDB8D /* Base */,
			);
			name = Main.storyboard;
			sourceTree = "<group>";
		};
		C2D32ACC2B2DEB5D00EFDB8D /* LaunchScreen.storyboard */ = {
			isa = PBXVariantGroup;
			children = (
				C2D32ACD2B2DEB5D00EFDB8D /* Base */,
			);
			name = LaunchScreen.storyboard;
			sourceTree = "<group>";
		};
/* End PBXVariantGroup section */

/* Begin XCBuildConfiguration section */
		C2D32AD22B2DEB5D00EFDB8D /* Debug */ = {
			isa = XCBuildConfiguration;
			buildSettings = {
				ALWAYS_SEARCH_USER_PATHS = NO;
				ASSETCATALOG_COMPILER_GENERATE_SWIFT_ASSET_SYMBOL_EXTENSIONS = YES;
				CLANG_ANALYZER_NONNULL = YES;
				CLANG_ANALYZER_NUMBER_OBJECT_CONVERSION = YES_AGGRESSIVE;
				CLANG_CXX_LANGUAGE_STANDARD = "gnu++20";
				CLANG_ENABLE_MODULES = YES;
				CLANG_ENABLE_OBJC_ARC = YES;
				CLANG_ENABLE_OBJC_WEAK = YES;
				CLANG_WARN_BLOCK_CAPTURE_AUTORELEASING = YES;
				CLANG_WARN_BOOL_CONVERSION = YES;
				CLANG_WARN_COMMA = YES;
				CLANG_WARN_CONSTANT_CONVERSION = YES;
				CLANG_WARN_DEPRECATED_OBJC_IMPLEMENTATIONS = YES;
				CLANG_WARN_DIRECT_OBJC_ISA_USAGE = YES_ERROR;
				CLANG_WARN_DOCUMENTATION_COMMENTS = YES;
				CLANG_WARN_EMPTY_BODY = YES;
				CLANG_WARN_ENUM_CONVERSION = YES;
				CLANG_WARN_INFINITE_RECURSION = YES;
				CLANG_WARN_INT_CONVERSION = YES;
				CLANG_WARN_NON_LITERAL_NULL_CONVERSION = YES;
				CLANG_WARN_OBJC_IMPLICIT_RETAIN_SELF = YES;
				CLANG_WARN_OBJC_LITERAL_CONVERSION = YES;
				CLANG_WARN_OBJC_ROOT_CLASS = YES_ERROR;
				CLANG_WARN_QUOTED_INCLUDE_IN_FRAMEWORK_HEADER = YES;
				CLANG_WARN_RANGE_LOOP_ANALYSIS = YES;
				CLANG_WARN_STRICT_PROTOTYPES = YES;
				CLANG_WARN_SUSPICIOUS_MOVE = YES;
				CLANG_WARN_UNGUARDED_AVAILABILITY = YES_AGGRESSIVE;
				CLANG_WARN_UNREACHABLE_CODE = YES;
				CLANG_WARN__DUPLICATE_METHOD_MATCH = YES;
				COPY_PHASE_STRIP = NO;
				DEBUG_INFORMATION_FORMAT = dwarf;
				ENABLE_STRICT_OBJC_MSGSEND = YES;
				ENABLE_TESTABILITY = YES;
				ENABLE_USER_SCRIPT_SANDBOXING = YES;
				GCC_C_LANGUAGE_STANDARD = gnu17;
				GCC_DYNAMIC_NO_PIC = NO;
				GCC_NO_COMMON_BLOCKS = YES;
				GCC_OPTIMIZATION_LEVEL = 0;
				GCC_PREPROCESSOR_DEFINITIONS = (
					"DEBUG=1",
					"$(inherited)",
				);
				GCC_WARN_64_TO_32_BIT_CONVERSION = YES;
				GCC_WARN_ABOUT_RETURN_TYPE = YES_ERROR;
				GCC_WARN_UNDECLARED_SELECTOR = YES;
				GCC_WARN_UNINITIALIZED_AUTOS = YES_AGGRESSIVE;
				GCC_WARN_UNUSED_FUNCTION = YES;
				GCC_WARN_UNUSED_VARIABLE = YES;
				IPHONEOS_DEPLOYMENT_TARGET = 17.0;
				LOCALIZATION_PREFERS_STRING_CATALOGS = YES;
				MTL_ENABLE_DEBUG_INFO = INCLUDE_SOURCE;
				MTL_FAST_MATH = YES;
				ONLY_ACTIVE_ARCH = YES;
				SDKROOT = iphoneos;
			};
			name = Debug;
		};
		C2D32AD32B2DEB5D00EFDB8D /* Release */ = {
			isa = XCBuildConfiguration;
			buildSettings = {
				ALWAYS_SEARCH_USER_PATHS = NO;
				ASSETCATALOG_COMPILER_GENERATE_SWIFT_ASSET_SYMBOL_EXTENSIONS = YES;
				CLANG_ANALYZER_NONNULL = YES;
				CLANG_ANALYZER_NUMBER_OBJECT_CONVERSION = YES_AGGRESSIVE;
				CLANG_CXX_LANGUAGE_STANDARD = "gnu++20";
				CLANG_ENABLE_MODULES = YES;
				CLANG_ENABLE_OBJC_ARC = YES;
				CLANG_ENABLE_OBJC_WEAK = YES;
				CLANG_WARN_BLOCK_CAPTURE_AUTORELEASING = YES;
				CLANG_WARN_BOOL_CONVERSION = YES;
				CLANG_WARN_COMMA = YES;
				CLANG_WARN_CONSTANT_CONVERSION = YES;
				CLANG_WARN_DEPRECATED_OBJC_IMPLEMENTATIONS = YES;
				CLANG_WARN_DIRECT_OBJC_ISA_USAGE = YES_ERROR;
				CLANG_WARN_DOCUMENTATION_COMMENTS = YES;
				CLANG_WARN_EMPTY_BODY = YES;
				CLANG_WARN_ENUM_CONVERSION = YES;
				CLANG_WARN_INFINITE_RECURSION = YES;
				CLANG_WARN_INT_CONVERSION = YES;
				CLANG_WARN_NON_LITERAL_NULL_CONVERSION = YES;
				CLANG_WARN_OBJC_IMPLICIT_RETAIN_SELF = YES;
				CLANG_WARN_OBJC_LITERAL_CONVERSION = YES;
				CLANG_WARN_OBJC_ROOT_CLASS = YES_ERROR;
				CLANG_WARN_QUOTED_INCLUDE_IN_FRAMEWORK_HEADER = YES;
				CLANG_WARN_RANGE_LOOP_ANALYSIS = YES;
				CLANG_WARN_STRICT_PROTOTYPES = YES;
				CLANG_WARN_SUSPICIOUS_MOVE = YES;
				CLANG_WARN_UNGUARDED_AVAILABILITY = YES_AGGRESSIVE;
				CLANG_WARN_UNREACHABLE_CODE = YES;
				CLANG_WARN__DUPLICATE_METHOD_MATCH = YES;
				COPY_PHASE_STRIP = NO;
				DEBUG_INFORMATION_FORMAT = "dwarf-with-dsym";
				ENABLE_NS_ASSERTIONS = NO;
				ENABLE_STRICT_OBJC_MSGSEND = YES;
				ENABLE_USER_SCRIPT_SANDBOXING = YES;
				GCC_C_LANGUAGE_STANDARD = gnu17;
				GCC_NO_COMMON_BLOCKS = YES;
				GCC_WARN_64_TO_32_BIT_CONVERSION = YES;
				GCC_WARN_ABOUT_RETURN_TYPE = YES_ERROR;
				GCC_WARN_UNDECLARED_SELECTOR = YES;
				GCC_WARN_UNINITIALIZED_AUTOS = YES_AGGRESSIVE;
				GCC_WARN_UNUSED_FUNCTION = YES;
				GCC_WARN_UNUSED_VARIABLE = YES;
				IPHONEOS_DEPLOYMENT_TARGET = 17.0;
				LOCALIZATION_PREFERS_STRING_CATALOGS = YES;
				MTL_ENABLE_DEBUG_INFO = NO;
				MTL_FAST_MATH = YES;
				SDKROOT = iphoneos;
				VALIDATE_PRODUCT = YES;
			};
			name = Release;
		};
		C2D32AD52B2DEB5D00EFDB8D /* Debug */ = {
			isa = XCBuildConfiguration;
			buildSettings = {
				ASSETCATALOG_COMPILER_APPICON_NAME = AppIcon;
				ASSETCATALOG_COMPILER_GLOBAL_ACCENT_COLOR_NAME = AccentColor;
				CODE_SIGN_STYLE = Automatic;
				CURRENT_PROJECT_VERSION = 1;
				DEVELOPMENT_TEAM = S9HRLGS74P;
				GENERATE_INFOPLIST_FILE = YES;
				INFOPLIST_FILE = ProjectObjectiveC/Info.plist;
				INFOPLIST_KEY_UIApplicationSupportsIndirectInputEvents = YES;
				INFOPLIST_KEY_UILaunchStoryboardName = LaunchScreen;
				INFOPLIST_KEY_UIMainStoryboardFile = Main;
				INFOPLIST_KEY_UISupportedInterfaceOrientations_iPad = "UIInterfaceOrientationPortrait UIInterfaceOrientationPortraitUpsideDown UIInterfaceOrientationLandscapeLeft UIInterfaceOrientationLandscapeRight";
				INFOPLIST_KEY_UISupportedInterfaceOrientations_iPhone = "UIInterfaceOrientationPortrait UIInterfaceOrientationLandscapeLeft UIInterfaceOrientationLandscapeRight";
				LD_RUNPATH_SEARCH_PATHS = (
					"$(inherited)",
					"@executable_path/Frameworks",
				);
				MARKETING_VERSION = 1.0;
				PRODUCT_BUNDLE_IDENTIFIER = pandakingli.ProjectObjectiveC;
				PRODUCT_NAME = "$(TARGET_NAME)";
				SWIFT_EMIT_LOC_STRINGS = YES;
				TARGETED_DEVICE_FAMILY = "1,2";
			};
			name = Debug;
		};
		C2D32AD62B2DEB5D00EFDB8D /* Release */ = {
			isa = XCBuildConfiguration;
			buildSettings = {
				ASSETCATALOG_COMPILER_APPICON_NAME = AppIcon;
				ASSETCATALOG_COMPILER_GLOBAL_ACCENT_COLOR_NAME = AccentColor;
				CODE_SIGN_STYLE = Automatic;
				CURRENT_PROJECT_VERSION = 1;
				DEVELOPMENT_TEAM = S9HRLGS74P;
				GENERATE_INFOPLIST_FILE = YES;
				INFOPLIST_FILE = ProjectObjectiveC/Info.plist;
				INFOPLIST_KEY_UIApplicationSupportsIndirectInputEvents = YES;
				INFOPLIST_KEY_UILaunchStoryboardName = LaunchScreen;
				INFOPLIST_KEY_UIMainStoryboardFile = Main;
				INFOPLIST_KEY_UISupportedInterfaceOrientations_iPad = "UIInterfaceOrientationPortrait UIInterfaceOrientationPortraitUpsideDown UIInterfaceOrientationLandscapeLeft UIInterfaceOrientationLandscapeRight";
				INFOPLIST_KEY_UISupportedInterfaceOrientations_iPhone = "UIInterfaceOrientationPortrait UIInterfaceOrientationLandscapeLeft UIInterfaceOrientationLandscapeRight";
				LD_RUNPATH_SEARCH_PATHS = (
					"$(inherited)",
					"@executable_path/Frameworks",
				);
				MARKETING_VERSION = 1.0;
				PRODUCT_BUNDLE_IDENTIFIER = pandakingli.ProjectObjectiveC;
				PRODUCT_NAME = "$(TARGET_NAME)";
				SWIFT_EMIT_LOC_STRINGS = YES;
				TARGETED_DEVICE_FAMILY = "1,2";
			};
			name = Release;
		};
/* End XCBuildConfiguration section */

/* Begin XCConfigurationList section */
		C2D32AB62B2DEB5C00EFDB8D /* Build configuration list for PBXProject "ProjectObjectiveC" */ = {
			isa = XCConfigurationList;
			buildConfigurations = (
				C2D32AD22B2DEB5D00EFDB8D /* Debug */,
				C2D32AD32B2DEB5D00EFDB8D /* Release */,
			);
			defaultConfigurationIsVisible = 0;
			defaultConfigurationName = Release;
		};
		C2D32AD42B2DEB5D00EFDB8D /* Build configuration list for PBXNativeTarget "ProjectObjectiveC" */ = {
			isa = XCConfigurationList;
			buildConfigurations = (
				C2D32AD52B2DEB5D00EFDB8D /* Debug */,
				C2D32AD62B2DEB5D00EFDB8D /* Release */,
			);
			defaultConfigurationIsVisible = 0;
			defaultConfigurationName = Release;
		};
/* End XCConfigurationList section */
	};
	rootObject = C2D32AB32B2DEB5C00EFDB8D /* Project object */;
}
