// !$*UTF8*$!
{
	archiveVersion = 1;
	classes = {
	};
	objectVersion = 56;
	objects = {

/* Begin PBXBuildFile section */
		601921974D79824EB88EDD27 /* Pods_ProjectSwift.framework in Frameworks */ = {isa = PBXBuildFile; fileRef = 6501E9136D560CF646E8EC3A /* Pods_ProjectSwift.framework */; };
		C291DABB2CECAB1200E71EEC /* EarthquakeInfoCell.swift in Sources */ = {isa = PBXBuildFile; fileRef = C291DABA2CECAB1200E71EEC /* EarthquakeInfoCell.swift */; };
		C291DABD2CECE42600E71EEC /* EarthMapVC.swift in Sources */ = {isa = PBXBuildFile; fileRef = C291DABC2CECE42600E71EEC /* EarthMapVC.swift */; };
		C291DABF2CECE8A200E71EEC /* RspDataModel.swift in Sources */ = {isa = PBXBuildFile; fileRef = C291DABE2CECE8A200E71EEC /* RspDataModel.swift */; };
		C2A376702BB6F2040095C4B1 /* RootVC.swift in Sources */ = {isa = PBXBuildFile; fileRef = C2A3766F2BB6F2040095C4B1 /* RootVC.swift */; };
		C2D32AE42B2DEC7F00EFDB8D /* AppDelegate.swift in Sources */ = {isa = PBXBuildFile; fileRef = C2D32AE32B2DEC7F00EFDB8D /* AppDelegate.swift */; };
		C2D32AED2B2DEC8000EFDB8D /* Assets.xcassets in Resources */ = {isa = PBXBuildFile; fileRef = C2D32AEC2B2DEC8000EFDB8D /* Assets.xcassets */; };
		C2D32AF02B2DEC8000EFDB8D /* LaunchScreen.storyboard in Resources */ = {isa = PBXBuildFile; fileRef = C2D32AEE2B2DEC8000EFDB8D /* LaunchScreen.storyboard */; };
/* End PBXBuildFile section */

/* Begin PBXFileReference section */
		1793F3A38D15A18F2AC3CC33 /* Pods-ProjectSwift.debug.xcconfig */ = {isa = PBXFileReference; includeInIndex = 1; lastKnownFileType = text.xcconfig; name = "Pods-ProjectSwift.debug.xcconfig"; path = "Target Support Files/Pods-ProjectSwift/Pods-ProjectSwift.debug.xcconfig"; sourceTree = "<group>"; };
		6501E9136D560CF646E8EC3A /* Pods_ProjectSwift.framework */ = {isa = PBXFileReference; explicitFileType = wrapper.framework; includeInIndex = 0; path = Pods_ProjectSwift.framework; sourceTree = BUILT_PRODUCTS_DIR; };
		989ECBA3454A1856C4AE4C95 /* Pods-ProjectSwift.release.xcconfig */ = {isa = PBXFileReference; includeInIndex = 1; lastKnownFileType = text.xcconfig; name = "Pods-ProjectSwift.release.xcconfig"; path = "Target Support Files/Pods-ProjectSwift/Pods-ProjectSwift.release.xcconfig"; sourceTree = "<group>"; };
		C291DABA2CECAB1200E71EEC /* EarthquakeInfoCell.swift */ = {isa = PBXFileReference; lastKnownFileType = sourcecode.swift; path = EarthquakeInfoCell.swift; sourceTree = "<group>"; };
		C291DABC2CECE42600E71EEC /* EarthMapVC.swift */ = {isa = PBXFileReference; lastKnownFileType = sourcecode.swift; path = EarthMapVC.swift; sourceTree = "<group>"; };
		C291DABE2CECE8A200E71EEC /* RspDataModel.swift */ = {isa = PBXFileReference; lastKnownFileType = sourcecode.swift; path = RspDataModel.swift; sourceTree = "<group>"; };
		C2A3766F2BB6F2040095C4B1 /* RootVC.swift */ = {isa = PBXFileReference; lastKnownFileType = sourcecode.swift; path = RootVC.swift; sourceTree = "<group>"; };
		C2D32AE02B2DEC7F00EFDB8D /* ProjectSwift.app */ = {isa = PBXFileReference; explicitFileType = wrapper.application; includeInIndex = 0; path = ProjectSwift.app; sourceTree = BUILT_PRODUCTS_DIR; };
		C2D32AE32B2DEC7F00EFDB8D /* AppDelegate.swift */ = {isa = PBXFileReference; lastKnownFileType = sourcecode.swift; path = AppDelegate.swift; sourceTree = "<group>"; };
		C2D32AEC2B2DEC8000EFDB8D /* Assets.xcassets */ = {isa = PBXFileReference; lastKnownFileType = folder.assetcatalog; path = Assets.xcassets; sourceTree = "<group>"; };
		C2D32AEF2B2DEC8000EFDB8D /* Base */ = {isa = PBXFileReference; lastKnownFileType = file.storyboard; name = Base; path = Base.lproj/LaunchScreen.storyboard; sourceTree = "<group>"; };
		C2D32AF12B2DEC8000EFDB8D /* Info.plist */ = {isa = PBXFileReference; lastKnownFileType = text.plist.xml; path = Info.plist; sourceTree = "<group>"; };
/* End PBXFileReference section */

/* Begin PBXFrameworksBuildPhase section */
		C2D32ADD2B2DEC7F00EFDB8D /* Frameworks */ = {
			isa = PBXFrameworksBuildPhase;
			buildActionMask = 2147483647;
			files = (
				601921974D79824EB88EDD27 /* Pods_ProjectSwift.framework in Frameworks */,
			);
			runOnlyForDeploymentPostprocessing = 0;
		};
/* End PBXFrameworksBuildPhase section */

/* Begin PBXGroup section */
		351F65C91BF8947716EDC44F /* Frameworks */ = {
			isa = PBXGroup;
			children = (
				6501E9136D560CF646E8EC3A /* Pods_ProjectSwift.framework */,
			);
			name = Frameworks;
			sourceTree = "<group>";
		};
		C2D32AD72B2DEC7F00EFDB8D = {
			isa = PBXGroup;
			children = (
				C2D32AE22B2DEC7F00EFDB8D /* ProjectSwift */,
				C2D32AE12B2DEC7F00EFDB8D /* Products */,
				E27707970F1EF6F8A4A7FE97 /* Pods */,
				351F65C91BF8947716EDC44F /* Frameworks */,
			);
			sourceTree = "<group>";
		};
		C2D32AE12B2DEC7F00EFDB8D /* Products */ = {
			isa = PBXGroup;
			children = (
				C2D32AE02B2DEC7F00EFDB8D /* ProjectSwift.app */,
			);
			name = Products;
			sourceTree = "<group>";
		};
		C2D32AE22B2DEC7F00EFDB8D /* ProjectSwift */ = {
			isa = PBXGroup;
			children = (
				C2D32AE32B2DEC7F00EFDB8D /* AppDelegate.swift */,
				C2A3766F2BB6F2040095C4B1 /* RootVC.swift */,
				C291DABA2CECAB1200E71EEC /* EarthquakeInfoCell.swift */,
				C291DABC2CECE42600E71EEC /* EarthMapVC.swift */,
				C291DABE2CECE8A200E71EEC /* RspDataModel.swift */,
				C2D32AEC2B2DEC8000EFDB8D /* Assets.xcassets */,
				C2D32AEE2B2DEC8000EFDB8D /* LaunchScreen.storyboard */,
				C2D32AF12B2DEC8000EFDB8D /* Info.plist */,
			);
			path = ProjectSwift;
			sourceTree = "<group>";
		};
		E27707970F1EF6F8A4A7FE97 /* Pods */ = {
			isa = PBXGroup;
			children = (
				1793F3A38D15A18F2AC3CC33 /* Pods-ProjectSwift.debug.xcconfig */,
				989ECBA3454A1856C4AE4C95 /* Pods-ProjectSwift.release.xcconfig */,
			);
			path = Pods;
			sourceTree = "<group>";
		};
/* End PBXGroup section */

/* Begin PBXNativeTarget section */
		C2D32ADF2B2DEC7F00EFDB8D /* ProjectSwift */ = {
			isa = PBXNativeTarget;
			buildConfigurationList = C2D32AF42B2DEC8000EFDB8D /* Build configuration list for PBXNativeTarget "ProjectSwift" */;
			buildPhases = (
				978173C4485C800B5743BA66 /* [CP] Check Pods Manifest.lock */,
				C2D32ADC2B2DEC7F00EFDB8D /* Sources */,
				C2D32ADD2B2DEC7F00EFDB8D /* Frameworks */,
				C2D32ADE2B2DEC7F00EFDB8D /* Resources */,
				070FDBAEB83D699A3ECE9D89 /* [CP] Embed Pods Frameworks */,
			);
			buildRules = (
			);
			dependencies = (
			);
			name = ProjectSwift;
			productName = ProjectSwift;
			productReference = C2D32AE02B2DEC7F00EFDB8D /* ProjectSwift.app */;
			productType = "com.apple.product-type.application";
		};
/* End PBXNativeTarget section */

/* Begin PBXProject section */
		C2D32AD82B2DEC7F00EFDB8D /* Project object */ = {
			isa = PBXProject;
			attributes = {
				BuildIndependentTargetsInParallel = 1;
				LastSwiftUpdateCheck = 1500;
				LastUpgradeCheck = 1500;
				TargetAttributes = {
					C2D32ADF2B2DEC7F00EFDB8D = {
						CreatedOnToolsVersion = 15.0.1;
					};
				};
			};
			buildConfigurationList = C2D32ADB2B2DEC7F00EFDB8D /* Build configuration list for PBXProject "ProjectSwift" */;
			compatibilityVersion = "Xcode 14.0";
			developmentRegion = en;
			hasScannedForEncodings = 0;
			knownRegions = (
				en,
				Base,
			);
			mainGroup = C2D32AD72B2DEC7F00EFDB8D;
			productRefGroup = C2D32AE12B2DEC7F00EFDB8D /* Products */;
			projectDirPath = "";
			projectRoot = "";
			targets = (
				C2D32ADF2B2DEC7F00EFDB8D /* ProjectSwift */,
			);
		};
/* End PBXProject section */

/* Begin PBXResourcesBuildPhase section */
		C2D32ADE2B2DEC7F00EFDB8D /* Resources */ = {
			isa = PBXResourcesBuildPhase;
			buildActionMask = 2147483647;
			files = (
				C2D32AF02B2DEC8000EFDB8D /* LaunchScreen.storyboard in Resources */,
				C2D32AED2B2DEC8000EFDB8D /* Assets.xcassets in Resources */,
			);
			runOnlyForDeploymentPostprocessing = 0;
		};
/* End PBXResourcesBuildPhase section */

/* Begin PBXShellScriptBuildPhase section */
		070FDBAEB83D699A3ECE9D89 /* [CP] Embed Pods Frameworks */ = {
			isa = PBXShellScriptBuildPhase;
			buildActionMask = 2147483647;
			files = (
			);
			inputFileListPaths = (
				"${PODS_ROOT}/Target Support Files/Pods-ProjectSwift/Pods-ProjectSwift-frameworks-${CONFIGURATION}-input-files.xcfilelist",
			);
			name = "[CP] Embed Pods Frameworks";
			outputFileListPaths = (
				"${PODS_ROOT}/Target Support Files/Pods-ProjectSwift/Pods-ProjectSwift-frameworks-${CONFIGURATION}-output-files.xcfilelist",
			);
			runOnlyForDeploymentPostprocessing = 0;
			shellPath = /bin/sh;
			shellScript = "\"${PODS_ROOT}/Target Support Files/Pods-ProjectSwift/Pods-ProjectSwift-frameworks.sh\"\n";
			showEnvVarsInLog = 0;
		};
		978173C4485C800B5743BA66 /* [CP] Check Pods Manifest.lock */ = {
			isa = PBXShellScriptBuildPhase;
			buildActionMask = 2147483647;
			files = (
			);
			inputFileListPaths = (
			);
			inputPaths = (
				"${PODS_PODFILE_DIR_PATH}/Podfile.lock",
				"${PODS_ROOT}/Manifest.lock",
			);
			name = "[CP] Check Pods Manifest.lock";
			outputFileListPaths = (
			);
			outputPaths = (
				"$(DERIVED_FILE_DIR)/Pods-ProjectSwift-checkManifestLockResult.txt",
			);
			runOnlyForDeploymentPostprocessing = 0;
			shellPath = /bin/sh;
			shellScript = "diff \"${PODS_PODFILE_DIR_PATH}/Podfile.lock\" \"${PODS_ROOT}/Manifest.lock\" > /dev/null\nif [ $? != 0 ] ; then\n    # print error to STDERR\n    echo \"error: The sandbox is not in sync with the Podfile.lock. Run 'pod install' or update your CocoaPods installation.\" >&2\n    exit 1\nfi\n# This output is used by Xcode 'outputs' to avoid re-running this script phase.\necho \"SUCCESS\" > \"${SCRIPT_OUTPUT_FILE_0}\"\n";
			showEnvVarsInLog = 0;
		};
/* End PBXShellScriptBuildPhase section */

/* Begin PBXSourcesBuildPhase section */
		C2D32ADC2B2DEC7F00EFDB8D /* Sources */ = {
			isa = PBXSourcesBuildPhase;
			buildActionMask = 2147483647;
			files = (
				C2A376702BB6F2040095C4B1 /* RootVC.swift in Sources */,
				C291DABB2CECAB1200E71EEC /* EarthquakeInfoCell.swift in Sources */,
				C291DABD2CECE42600E71EEC /* EarthMapVC.swift in Sources */,
				C2D32AE42B2DEC7F00EFDB8D /* AppDelegate.swift in Sources */,
				C291DABF2CECE8A200E71EEC /* RspDataModel.swift in Sources */,
			);
			runOnlyForDeploymentPostprocessing = 0;
		};
/* End PBXSourcesBuildPhase section */

/* Begin PBXVariantGroup section */
		C2D32AEE2B2DEC8000EFDB8D /* LaunchScreen.storyboard */ = {
			isa = PBXVariantGroup;
			children = (
				C2D32AEF2B2DEC8000EFDB8D /* Base */,
			);
			name = LaunchScreen.storyboard;
			sourceTree = "<group>";
		};
/* End PBXVariantGroup section */

/* Begin XCBuildConfiguration section */
		C2D32AF22B2DEC8000EFDB8D /* Debug */ = {
			isa = XCBuildConfiguration;
			buildSettings = {
				ALWAYS_SEARCH_USER_PATHS = NO;
				ASSETCATALOG_COMPILER_GENERATE_SWIFT_ASSET_SYMBOL_EXTENSIONS = YES;
				CLANG_ANALYZER_NONNULL = YES;
				CLANG_ANALYZER_NUMBER_OBJECT_CONVERSION = YES_AGGRESSIVE;
				CLANG_CXX_LANGUAGE_STANDARD = "gnu++20";
				CLANG_ENABLE_MODULES = YES;
				CLANG_ENABLE_OBJC_ARC = YES;
				CLANG_ENABLE_OBJC_WEAK = YES;
				CLANG_WARN_BLOCK_CAPTURE_AUTORELEASING = YES;
				CLANG_WARN_BOOL_CONVERSION = YES;
				CLANG_WARN_COMMA = YES;
				CLANG_WARN_CONSTANT_CONVERSION = YES;
				CLANG_WARN_DEPRECATED_OBJC_IMPLEMENTATIONS = YES;
				CLANG_WARN_DIRECT_OBJC_ISA_USAGE = YES_ERROR;
				CLANG_WARN_DOCUMENTATION_COMMENTS = YES;
				CLANG_WARN_EMPTY_BODY = YES;
				CLANG_WARN_ENUM_CONVERSION = YES;
				CLANG_WARN_INFINITE_RECURSION = YES;
				CLANG_WARN_INT_CONVERSION = YES;
				CLANG_WARN_NON_LITERAL_NULL_CONVERSION = YES;
				CLANG_WARN_OBJC_IMPLICIT_RETAIN_SELF = YES;
				CLANG_WARN_OBJC_LITERAL_CONVERSION = YES;
				CLANG_WARN_OBJC_ROOT_CLASS = YES_ERROR;
				CLANG_WARN_QUOTED_INCLUDE_IN_FRAMEWORK_HEADER = YES;
				CLANG_WARN_RANGE_LOOP_ANALYSIS = YES;
				CLANG_WARN_STRICT_PROTOTYPES = YES;
				CLANG_WARN_SUSPICIOUS_MOVE = YES;
				CLANG_WARN_UNGUARDED_AVAILABILITY = YES_AGGRESSIVE;
				CLANG_WARN_UNREACHABLE_CODE = YES;
				CLANG_WARN__DUPLICATE_METHOD_MATCH = YES;
				COPY_PHASE_STRIP = NO;
				DEBUG_INFORMATION_FORMAT = dwarf;
				ENABLE_STRICT_OBJC_MSGSEND = YES;
				ENABLE_TESTABILITY = YES;
				ENABLE_USER_SCRIPT_SANDBOXING = YES;
				GCC_C_LANGUAGE_STANDARD = gnu17;
				GCC_DYNAMIC_NO_PIC = NO;
				GCC_NO_COMMON_BLOCKS = YES;
				GCC_OPTIMIZATION_LEVEL = 0;
				GCC_PREPROCESSOR_DEFINITIONS = (
					"DEBUG=1",
					"$(inherited)",
				);
				GCC_WARN_64_TO_32_BIT_CONVERSION = YES;
				GCC_WARN_ABOUT_RETURN_TYPE = YES_ERROR;
				GCC_WARN_UNDECLARED_SELECTOR = YES;
				GCC_WARN_UNINITIALIZED_AUTOS = YES_AGGRESSIVE;
				GCC_WARN_UNUSED_FUNCTION = YES;
				GCC_WARN_UNUSED_VARIABLE = YES;
				IPHONEOS_DEPLOYMENT_TARGET = 17.0;
				LOCALIZATION_PREFERS_STRING_CATALOGS = YES;
				MTL_ENABLE_DEBUG_INFO = INCLUDE_SOURCE;
				MTL_FAST_MATH = YES;
				ONLY_ACTIVE_ARCH = YES;
				SDKROOT = iphoneos;
				SWIFT_ACTIVE_COMPILATION_CONDITIONS = "DEBUG $(inherited)";
				SWIFT_OPTIMIZATION_LEVEL = "-Onone";
			};
			name = Debug;
		};
		C2D32AF32B2DEC8000EFDB8D /* Release */ = {
			isa = XCBuildConfiguration;
			buildSettings = {
				ALWAYS_SEARCH_USER_PATHS = NO;
				ASSETCATALOG_COMPILER_GENERATE_SWIFT_ASSET_SYMBOL_EXTENSIONS = YES;
				CLANG_ANALYZER_NONNULL = YES;
				CLANG_ANALYZER_NUMBER_OBJECT_CONVERSION = YES_AGGRESSIVE;
				CLANG_CXX_LANGUAGE_STANDARD = "gnu++20";
				CLANG_ENABLE_MODULES = YES;
				CLANG_ENABLE_OBJC_ARC = YES;
				CLANG_ENABLE_OBJC_WEAK = YES;
				CLANG_WARN_BLOCK_CAPTURE_AUTORELEASING = YES;
				CLANG_WARN_BOOL_CONVERSION = YES;
				CLANG_WARN_COMMA = YES;
				CLANG_WARN_CONSTANT_CONVERSION = YES;
				CLANG_WARN_DEPRECATED_OBJC_IMPLEMENTATIONS = YES;
				CLANG_WARN_DIRECT_OBJC_ISA_USAGE = YES_ERROR;
				CLANG_WARN_DOCUMENTATION_COMMENTS = YES;
				CLANG_WARN_EMPTY_BODY = YES;
				CLANG_WARN_ENUM_CONVERSION = YES;
				CLANG_WARN_INFINITE_RECURSION = YES;
				CLANG_WARN_INT_CONVERSION = YES;
				CLANG_WARN_NON_LITERAL_NULL_CONVERSION = YES;
				CLANG_WARN_OBJC_IMPLICIT_RETAIN_SELF = YES;
				CLANG_WARN_OBJC_LITERAL_CONVERSION = YES;
				CLANG_WARN_OBJC_ROOT_CLASS = YES_ERROR;
				CLANG_WARN_QUOTED_INCLUDE_IN_FRAMEWORK_HEADER = YES;
				CLANG_WARN_RANGE_LOOP_ANALYSIS = YES;
				CLANG_WARN_STRICT_PROTOTYPES = YES;
				CLANG_WARN_SUSPICIOUS_MOVE = YES;
				CLANG_WARN_UNGUARDED_AVAILABILITY = YES_AGGRESSIVE;
				CLANG_WARN_UNREACHABLE_CODE = YES;
				CLANG_WARN__DUPLICATE_METHOD_MATCH = YES;
				COPY_PHASE_STRIP = NO;
				DEBUG_INFORMATION_FORMAT = "dwarf-with-dsym";
				ENABLE_NS_ASSERTIONS = NO;
				ENABLE_STRICT_OBJC_MSGSEND = YES;
				ENABLE_USER_SCRIPT_SANDBOXING = YES;
				GCC_C_LANGUAGE_STANDARD = gnu17;
				GCC_NO_COMMON_BLOCKS = YES;
				GCC_WARN_64_TO_32_BIT_CONVERSION = YES;
				GCC_WARN_ABOUT_RETURN_TYPE = YES_ERROR;
				GCC_WARN_UNDECLARED_SELECTOR = YES;
				GCC_WARN_UNINITIALIZED_AUTOS = YES_AGGRESSIVE;
				GCC_WARN_UNUSED_FUNCTION = YES;
				GCC_WARN_UNUSED_VARIABLE = YES;
				IPHONEOS_DEPLOYMENT_TARGET = 17.0;
				LOCALIZATION_PREFERS_STRING_CATALOGS = YES;
				MTL_ENABLE_DEBUG_INFO = NO;
				MTL_FAST_MATH = YES;
				SDKROOT = iphoneos;
				SWIFT_COMPILATION_MODE = wholemodule;
				VALIDATE_PRODUCT = YES;
			};
			name = Release;
		};
		C2D32AF52B2DEC8000EFDB8D /* Debug */ = {
			isa = XCBuildConfiguration;
			baseConfigurationReference = 1793F3A38D15A18F2AC3CC33 /* Pods-ProjectSwift.debug.xcconfig */;
			buildSettings = {
				ASSETCATALOG_COMPILER_APPICON_NAME = AppIcon;
				ASSETCATALOG_COMPILER_GLOBAL_ACCENT_COLOR_NAME = AccentColor;
				CODE_SIGN_STYLE = Automatic;
				CURRENT_PROJECT_VERSION = 1;
				DEVELOPMENT_TEAM = S9HRLGS74P;
				ENABLE_USER_SCRIPT_SANDBOXING = NO;
				GENERATE_INFOPLIST_FILE = YES;
				INFOPLIST_FILE = ProjectSwift/Info.plist;
				INFOPLIST_KEY_UIApplicationSupportsIndirectInputEvents = YES;
				INFOPLIST_KEY_UILaunchStoryboardName = LaunchScreen;
				INFOPLIST_KEY_UIMainStoryboardFile = "";
				INFOPLIST_KEY_UISupportedInterfaceOrientations_iPad = "UIInterfaceOrientationPortrait UIInterfaceOrientationPortraitUpsideDown UIInterfaceOrientationLandscapeLeft UIInterfaceOrientationLandscapeRight";
				INFOPLIST_KEY_UISupportedInterfaceOrientations_iPhone = "UIInterfaceOrientationPortrait UIInterfaceOrientationLandscapeLeft UIInterfaceOrientationLandscapeRight";
				IPHONEOS_DEPLOYMENT_TARGET = 13.0;
				LD_RUNPATH_SEARCH_PATHS = (
					"$(inherited)",
					"@executable_path/Frameworks",
				);
				MARKETING_VERSION = 1.0;
				PRODUCT_BUNDLE_IDENTIFIER = pandakingli.ProjectSwift;
				PRODUCT_NAME = "$(TARGET_NAME)";
				SWIFT_EMIT_LOC_STRINGS = YES;
				SWIFT_VERSION = 5.0;
				TARGETED_DEVICE_FAMILY = "1,2";
			};
			name = Debug;
		};
		C2D32AF62B2DEC8000EFDB8D /* Release */ = {
			isa = XCBuildConfiguration;
			baseConfigurationReference = 989ECBA3454A1856C4AE4C95 /* Pods-ProjectSwift.release.xcconfig */;
			buildSettings = {
				ASSETCATALOG_COMPILER_APPICON_NAME = AppIcon;
				ASSETCATALOG_COMPILER_GLOBAL_ACCENT_COLOR_NAME = AccentColor;
				CODE_SIGN_STYLE = Automatic;
				CURRENT_PROJECT_VERSION = 1;
				DEVELOPMENT_TEAM = S9HRLGS74P;
				ENABLE_USER_SCRIPT_SANDBOXING = NO;
				GENERATE_INFOPLIST_FILE = YES;
				INFOPLIST_FILE = ProjectSwift/Info.plist;
				INFOPLIST_KEY_UIApplicationSupportsIndirectInputEvents = YES;
				INFOPLIST_KEY_UILaunchStoryboardName = LaunchScreen;
				INFOPLIST_KEY_UIMainStoryboardFile = "";
				INFOPLIST_KEY_UISupportedInterfaceOrientations_iPad = "UIInterfaceOrientationPortrait UIInterfaceOrientationPortraitUpsideDown UIInterfaceOrientationLandscapeLeft UIInterfaceOrientationLandscapeRight";
				INFOPLIST_KEY_UISupportedInterfaceOrientations_iPhone = "UIInterfaceOrientationPortrait UIInterfaceOrientationLandscapeLeft UIInterfaceOrientationLandscapeRight";
				IPHONEOS_DEPLOYMENT_TARGET = 13.0;
				LD_RUNPATH_SEARCH_PATHS = (
					"$(inherited)",
					"@executable_path/Frameworks",
				);
				MARKETING_VERSION = 1.0;
				PRODUCT_BUNDLE_IDENTIFIER = pandakingli.ProjectSwift;
				PRODUCT_NAME = "$(TARGET_NAME)";
				SWIFT_EMIT_LOC_STRINGS = YES;
				SWIFT_VERSION = 5.0;
				TARGETED_DEVICE_FAMILY = "1,2";
			};
			name = Release;
		};
/* End XCBuildConfiguration section */

/* Begin XCConfigurationList section */
		C2D32ADB2B2DEC7F00EFDB8D /* Build configuration list for PBXProject "ProjectSwift" */ = {
			isa = XCConfigurationList;
			buildConfigurations = (
				C2D32AF22B2DEC8000EFDB8D /* Debug */,
				C2D32AF32B2DEC8000EFDB8D /* Release */,
			);
			defaultConfigurationIsVisible = 0;
			defaultConfigurationName = Release;
		};
		C2D32AF42B2DEC8000EFDB8D /* Build configuration list for PBXNativeTarget "ProjectSwift" */ = {
			isa = XCConfigurationList;
			buildConfigurations = (
				C2D32AF52B2DEC8000EFDB8D /* Debug */,
				C2D32AF62B2DEC8000EFDB8D /* Release */,
			);
			defaultConfigurationIsVisible = 0;
			defaultConfigurationName = Release;
		};
/* End XCConfigurationList section */
	};
	rootObject = C2D32AD82B2DEC7F00EFDB8D /* Project object */;
}
