// !$*UTF8*$!
{
	archiveVersion = 1;
	classes = {
	};
	objectVersion = 56;
	objects = {

/* Begin PBXBuildFile section */
		C23D48592B41722300647413 /* RNTestVC.m in Sources */ = {isa = PBXBuildFile; fileRef = C23D48582B41722300647413 /* RNTestVC.m */; };
		C23D485C2B41862200647413 /* TestModule.m in Sources */ = {isa = PBXBuildFile; fileRef = C23D485B2B41862200647413 /* TestModule.m */; };
		C29CBB0A3A067F5A1BA0D084 /* libPods-ProjectObjectiveC.a in Frameworks */ = {isa = PBXBuildFile; fileRef = D0B55255C1569CD5825EA610 /* libPods-ProjectObjectiveC.a */; };
		C2D32AC02B2DEB5C00EFDB8D /* AppDelegate.m in Sources */ = {isa = PBXBuildFile; fileRef = C2D32ABF2B2DEB5C00EFDB8D /* AppDelegate.m */; };
		C2D32AC62B2DEB5C00EFDB8D /* ViewController.m in Sources */ = {isa = PBXBuildFile; fileRef = C2D32AC52B2DEB5C00EFDB8D /* ViewController.m */; };
		C2D32ACB2B2DEB5D00EFDB8D /* Assets.xcassets in Resources */ = {isa = PBXBuildFile; fileRef = C2D32ACA2B2DEB5D00EFDB8D /* Assets.xcassets */; };
		C2D32ACE2B2DEB5D00EFDB8D /* LaunchScreen.storyboard in Resources */ = {isa = PBXBuildFile; fileRef = C2D32ACC2B2DEB5D00EFDB8D /* LaunchScreen.storyboard */; };
		C2D32AD12B2DEB5D00EFDB8D /* main.m in Sources */ = {isa = PBXBuildFile; fileRef = C2D32AD02B2DEB5D00EFDB8D /* main.m */; };
/* End PBXBuildFile section */

/* Begin PBXFileReference section */
		0586BEB0FC05872E55C9DD95 /* Pods-ProjectObjectiveC.release.xcconfig */ = {isa = PBXFileReference; includeInIndex = 1; lastKnownFileType = text.xcconfig; name = "Pods-ProjectObjectiveC.release.xcconfig"; path = "Target Support Files/Pods-ProjectObjectiveC/Pods-ProjectObjectiveC.release.xcconfig"; sourceTree = "<group>"; };
		C23D48572B41722300647413 /* RNTestVC.h */ = {isa = PBXFileReference; lastKnownFileType = sourcecode.c.h; path = RNTestVC.h; sourceTree = "<group>"; };
		C23D48582B41722300647413 /* RNTestVC.m */ = {isa = PBXFileReference; lastKnownFileType = sourcecode.c.objc; path = RNTestVC.m; sourceTree = "<group>"; };
		C23D485A2B41862200647413 /* TestModule.h */ = {isa = PBXFileReference; lastKnownFileType = sourcecode.c.h; path = TestModule.h; sourceTree = "<group>"; };
		C23D485B2B41862200647413 /* TestModule.m */ = {isa = PBXFileReference; lastKnownFileType = sourcecode.c.objc; path = TestModule.m; sourceTree = "<group>"; };
		C2D32ABB2B2DEB5C00EFDB8D /* ProjectObjectiveC.app */ = {isa = PBXFileReference; explicitFileType = wrapper.application; includeInIndex = 0; path = ProjectObjectiveC.app; sourceTree = BUILT_PRODUCTS_DIR; };
		C2D32ABE2B2DEB5C00EFDB8D /* AppDelegate.h */ = {isa = PBXFileReference; lastKnownFileType = sourcecode.c.h; path = AppDelegate.h; sourceTree = "<group>"; };
		C2D32ABF2B2DEB5C00EFDB8D /* AppDelegate.m */ = {isa = PBXFileReference; lastKnownFileType = sourcecode.c.objc; path = AppDelegate.m; sourceTree = "<group>"; };
		C2D32AC42B2DEB5C00EFDB8D /* ViewController.h */ = {isa = PBXFileReference; lastKnownFileType = sourcecode.c.h; path = ViewController.h; sourceTree = "<group>"; };
		C2D32AC52B2DEB5C00EFDB8D /* ViewController.m */ = {isa = PBXFileReference; lastKnownFileType = sourcecode.c.objc; path = ViewController.m; sourceTree = "<group>"; };
		C2D32ACA2B2DEB5D00EFDB8D /* Assets.xcassets */ = {isa = PBXFileReference; lastKnownFileType = folder.assetcatalog; path = Assets.xcassets; sourceTree = "<group>"; };
		C2D32ACD2B2DEB5D00EFDB8D /* Base */ = {isa = PBXFileReference; lastKnownFileType = file.storyboard; name = Base; path = Base.lproj/LaunchScreen.storyboard; sourceTree = "<group>"; };
		C2D32ACF2B2DEB5D00EFDB8D /* Info.plist */ = {isa = PBXFileReference; lastKnownFileType = text.plist.xml; path = Info.plist; sourceTree = "<group>"; };
		C2D32AD02B2DEB5D00EFDB8D /* main.m */ = {isa = PBXFileReference; lastKnownFileType = sourcecode.c.objc; path = main.m; sourceTree = "<group>"; };
		D0B55255C1569CD5825EA610 /* libPods-ProjectObjectiveC.a */ = {isa = PBXFileReference; explicitFileType = archive.ar; includeInIndex = 0; path = "libPods-ProjectObjectiveC.a"; sourceTree = BUILT_PRODUCTS_DIR; };
		D8C620061BADA9880BA062F2 /* Pods-ProjectObjectiveC.debug.xcconfig */ = {isa = PBXFileReference; includeInIndex = 1; lastKnownFileType = text.xcconfig; name = "Pods-ProjectObjectiveC.debug.xcconfig"; path = "Target Support Files/Pods-ProjectObjectiveC/Pods-ProjectObjectiveC.debug.xcconfig"; sourceTree = "<group>"; };
/* End PBXFileReference section */

/* Begin PBXFrameworksBuildPhase section */
		C2D32AB82B2DEB5C00EFDB8D /* Frameworks */ = {
			isa = PBXFrameworksBuildPhase;
			buildActionMask = 2147483647;
			files = (
				C29CBB0A3A067F5A1BA0D084 /* libPods-ProjectObjectiveC.a in Frameworks */,
			);
			runOnlyForDeploymentPostprocessing = 0;
		};
/* End PBXFrameworksBuildPhase section */

/* Begin PBXGroup section */
		88849F8EC11A80F002DC203A /* Pods */ = {
			isa = PBXGroup;
			children = (
				D8C620061BADA9880BA062F2 /* Pods-ProjectObjectiveC.debug.xcconfig */,
				0586BEB0FC05872E55C9DD95 /* Pods-ProjectObjectiveC.release.xcconfig */,
			);
			path = Pods;
			sourceTree = "<group>";
		};
		B44B7A55DDA68CED0B11E568 /* Frameworks */ = {
			isa = PBXGroup;
			children = (
				D0B55255C1569CD5825EA610 /* libPods-ProjectObjectiveC.a */,
			);
			name = Frameworks;
			sourceTree = "<group>";
		};
		C2D32AB22B2DEB5C00EFDB8D = {
			isa = PBXGroup;
			children = (
				C2D32ABD2B2DEB5C00EFDB8D /* ProjectObjectiveC */,
				C2D32ABC2B2DEB5C00EFDB8D /* Products */,
				88849F8EC11A80F002DC203A /* Pods */,
				B44B7A55DDA68CED0B11E568 /* Frameworks */,
			);
			sourceTree = "<group>";
		};
		C2D32ABC2B2DEB5C00EFDB8D /* Products */ = {
			isa = PBXGroup;
			children = (
				C2D32ABB2B2DEB5C00EFDB8D /* ProjectObjectiveC.app */,
			);
			name = Products;
			sourceTree = "<group>";
		};
		C2D32ABD2B2DEB5C00EFDB8D /* ProjectObjectiveC */ = {
			isa = PBXGroup;
			children = (
				C2D32ABE2B2DEB5C00EFDB8D /* AppDelegate.h */,
				C2D32ABF2B2DEB5C00EFDB8D /* AppDelegate.m */,
				C2D32AC42B2DEB5C00EFDB8D /* ViewController.h */,
				C2D32AC52B2DEB5C00EFDB8D /* ViewController.m */,
				C23D48572B41722300647413 /* RNTestVC.h */,
				C23D48582B41722300647413 /* RNTestVC.m */,
				C23D485A2B41862200647413 /* TestModule.h */,
				C23D485B2B41862200647413 /* TestModule.m */,
				C2D32ACA2B2DEB5D00EFDB8D /* Assets.xcassets */,
				C2D32ACC2B2DEB5D00EFDB8D /* LaunchScreen.storyboard */,
				C2D32ACF2B2DEB5D00EFDB8D /* Info.plist */,
				C2D32AD02B2DEB5D00EFDB8D /* main.m */,
			);
			path = ProjectObjectiveC;
			sourceTree = "<group>";
		};
/* End PBXGroup section */

/* Begin PBXNativeTarget section */
		C2D32ABA2B2DEB5C00EFDB8D /* ProjectObjectiveC */ = {
			isa = PBXNativeTarget;
			buildConfigurationList = C2D32AD42B2DEB5D00EFDB8D /* Build configuration list for PBXNativeTarget "ProjectObjectiveC" */;
			buildPhases = (
				6912EF8319EA0DD50AF6EE37 /* [CP] Check Pods Manifest.lock */,
				C2D32AB72B2DEB5C00EFDB8D /* Sources */,
				C2D32AB82B2DEB5C00EFDB8D /* Frameworks */,
				C2D32AB92B2DEB5C00EFDB8D /* Resources */,
				00DEE9130F71CC2D33493CC6 /* [CP] Embed Pods Frameworks */,
				C925CCC65728F98031A5A40C /* [CP] Copy Pods Resources */,
			);
			buildRules = (
			);
			dependencies = (
			);
			name = ProjectObjectiveC;
			productName = ProjectObjectiveC;
			productReference = C2D32ABB2B2DEB5C00EFDB8D /* ProjectObjectiveC.app */;
			productType = "com.apple.product-type.application";
		};
/* End PBXNativeTarget section */

/* Begin PBXProject section */
		C2D32AB32B2DEB5C00EFDB8D /* Project object */ = {
			isa = PBXProject;
			attributes = {
				BuildIndependentTargetsInParallel = 1;
				LastUpgradeCheck = 1500;
				TargetAttributes = {
					C2D32ABA2B2DEB5C00EFDB8D = {
						CreatedOnToolsVersion = 15.0.1;
					};
				};
			};
			buildConfigurationList = C2D32AB62B2DEB5C00EFDB8D /* Build configuration list for PBXProject "ProjectObjectiveC" */;
			compatibilityVersion = "Xcode 14.0";
			developmentRegion = en;
			hasScannedForEncodings = 0;
			knownRegions = (
				en,
				Base,
			);
			mainGroup = C2D32AB22B2DEB5C00EFDB8D;
			productRefGroup = C2D32ABC2B2DEB5C00EFDB8D /* Products */;
			projectDirPath = "";
			projectRoot = "";
			targets = (
				C2D32ABA2B2DEB5C00EFDB8D /* ProjectObjectiveC */,
			);
		};
/* End PBXProject section */

/* Begin PBXResourcesBuildPhase section */
		C2D32AB92B2DEB5C00EFDB8D /* Resources */ = {
			isa = PBXResourcesBuildPhase;
			buildActionMask = 2147483647;
			files = (
				C2D32ACE2B2DEB5D00EFDB8D /* LaunchScreen.storyboard in Resources */,
				C2D32ACB2B2DEB5D00EFDB8D /* Assets.xcassets in Resources */,
			);
			runOnlyForDeploymentPostprocessing = 0;
		};
/* End PBXResourcesBuildPhase section */

/* Begin PBXShellScriptBuildPhase section */
		00DEE9130F71CC2D33493CC6 /* [CP] Embed Pods Frameworks */ = {
			isa = PBXShellScriptBuildPhase;
			buildActionMask = 2147483647;
			files = (
			);
			inputFileListPaths = (
				"${PODS_ROOT}/Target Support Files/Pods-ProjectObjectiveC/Pods-ProjectObjectiveC-frameworks-${CONFIGURATION}-input-files.xcfilelist",
			);
			name = "[CP] Embed Pods Frameworks";
			outputFileListPaths = (
				"${PODS_ROOT}/Target Support Files/Pods-ProjectObjectiveC/Pods-ProjectObjectiveC-frameworks-${CONFIGURATION}-output-files.xcfilelist",
			);
			runOnlyForDeploymentPostprocessing = 0;
			shellPath = /bin/sh;
			shellScript = "\"${PODS_ROOT}/Target Support Files/Pods-ProjectObjectiveC/Pods-ProjectObjectiveC-frameworks.sh\"\n";
			showEnvVarsInLog = 0;
		};
		6912EF8319EA0DD50AF6EE37 /* [CP] Check Pods Manifest.lock */ = {
			isa = PBXShellScriptBuildPhase;
			buildActionMask = 2147483647;
			files = (
			);
			inputFileListPaths = (
			);
			inputPaths = (
				"${PODS_PODFILE_DIR_PATH}/Podfile.lock",
				"${PODS_ROOT}/Manifest.lock",
			);
			name = "[CP] Check Pods Manifest.lock";
			outputFileListPaths = (
			);
			outputPaths = (
				"$(DERIVED_FILE_DIR)/Pods-ProjectObjectiveC-checkManifestLockResult.txt",
			);
			runOnlyForDeploymentPostprocessing = 0;
			shellPath = /bin/sh;
			shellScript = "diff \"${PODS_PODFILE_DIR_PATH}/Podfile.lock\" \"${PODS_ROOT}/Manifest.lock\" > /dev/null\nif [ $? != 0 ] ; then\n    # print error to STDERR\n    echo \"error: The sandbox is not in sync with the Podfile.lock. Run 'pod install' or update your CocoaPods installation.\" >&2\n    exit 1\nfi\n# This output is used by Xcode 'outputs' to avoid re-running this script phase.\necho \"SUCCESS\" > \"${SCRIPT_OUTPUT_FILE_0}\"\n";
			showEnvVarsInLog = 0;
		};
		C925CCC65728F98031A5A40C /* [CP] Copy Pods Resources */ = {
			isa = PBXShellScriptBuildPhase;
			buildActionMask = 2147483647;
			files = (
			);
			inputFileListPaths = (
				"${PODS_ROOT}/Target Support Files/Pods-ProjectObjectiveC/Pods-ProjectObjectiveC-resources-${CONFIGURATION}-input-files.xcfilelist",
			);
			name = "[CP] Copy Pods Resources";
			outputFileListPaths = (
				"${PODS_ROOT}/Target Support Files/Pods-ProjectObjectiveC/Pods-ProjectObjectiveC-resources-${CONFIGURATION}-output-files.xcfilelist",
			);
			runOnlyForDeploymentPostprocessing = 0;
			shellPath = /bin/sh;
			shellScript = "\"${PODS_ROOT}/Target Support Files/Pods-ProjectObjectiveC/Pods-ProjectObjectiveC-resources.sh\"\n";
			showEnvVarsInLog = 0;
		};
/* End PBXShellScriptBuildPhase section */

/* Begin PBXSourcesBuildPhase section */
		C2D32AB72B2DEB5C00EFDB8D /* Sources */ = {
			isa = PBXSourcesBuildPhase;
			buildActionMask = 2147483647;
			files = (
				C2D32AC62B2DEB5C00EFDB8D /* ViewController.m in Sources */,
				C23D485C2B41862200647413 /* TestModule.m in Sources */,
				C23D48592B41722300647413 /* RNTestVC.m in Sources */,
				C2D32AC02B2DEB5C00EFDB8D /* AppDelegate.m in Sources */,
				C2D32AD12B2DEB5D00EFDB8D /* main.m in Sources */,
			);
			runOnlyForDeploymentPostprocessing = 0;
		};
/* End PBXSourcesBuildPhase section */

/* Begin PBXVariantGroup section */
		C2D32ACC2B2DEB5D00EFDB8D /* LaunchScreen.storyboard */ = {
			isa = PBXVariantGroup;
			children = (
				C2D32ACD2B2DEB5D00EFDB8D /* Base */,
			);
			name = LaunchScreen.storyboard;
			sourceTree = "<group>";
		};
/* End PBXVariantGroup section */

/* Begin XCBuildConfiguration section */
		C2D32AD22B2DEB5D00EFDB8D /* Debug */ = {
			isa = XCBuildConfiguration;
			buildSettings = {
				ALWAYS_SEARCH_USER_PATHS = NO;
				ASSETCATALOG_COMPILER_GENERATE_SWIFT_ASSET_SYMBOL_EXTENSIONS = YES;
				CLANG_ANALYZER_NONNULL = YES;
				CLANG_ANALYZER_NUMBER_OBJECT_CONVERSION = YES_AGGRESSIVE;
				CLANG_CXX_LANGUAGE_STANDARD = "c++20";
				CLANG_ENABLE_MODULES = YES;
				CLANG_ENABLE_OBJC_ARC = YES;
				CLANG_ENABLE_OBJC_WEAK = YES;
				CLANG_WARN_BLOCK_CAPTURE_AUTORELEASING = YES;
				CLANG_WARN_BOOL_CONVERSION = YES;
				CLANG_WARN_COMMA = YES;
				CLANG_WARN_CONSTANT_CONVERSION = YES;
				CLANG_WARN_DEPRECATED_OBJC_IMPLEMENTATIONS = YES;
				CLANG_WARN_DIRECT_OBJC_ISA_USAGE = YES_ERROR;
				CLANG_WARN_DOCUMENTATION_COMMENTS = YES;
				CLANG_WARN_EMPTY_BODY = YES;
				CLANG_WARN_ENUM_CONVERSION = YES;
				CLANG_WARN_INFINITE_RECURSION = YES;
				CLANG_WARN_INT_CONVERSION = YES;
				CLANG_WARN_NON_LITERAL_NULL_CONVERSION = YES;
				CLANG_WARN_OBJC_IMPLICIT_RETAIN_SELF = YES;
				CLANG_WARN_OBJC_LITERAL_CONVERSION = YES;
				CLANG_WARN_OBJC_ROOT_CLASS = YES_ERROR;
				CLANG_WARN_QUOTED_INCLUDE_IN_FRAMEWORK_HEADER = YES;
				CLANG_WARN_RANGE_LOOP_ANALYSIS = YES;
				CLANG_WARN_STRICT_PROTOTYPES = YES;
				CLANG_WARN_SUSPICIOUS_MOVE = YES;
				CLANG_WARN_UNGUARDED_AVAILABILITY = YES_AGGRESSIVE;
				CLANG_WARN_UNREACHABLE_CODE = YES;
				CLANG_WARN__DUPLICATE_METHOD_MATCH = YES;
				COPY_PHASE_STRIP = NO;
				DEBUG_INFORMATION_FORMAT = dwarf;
				ENABLE_STRICT_OBJC_MSGSEND = YES;
				ENABLE_TESTABILITY = YES;
				ENABLE_USER_SCRIPT_SANDBOXING = YES;
				"EXCLUDED_ARCHS[sdk=iphonesimulator*]" = i386;
				GCC_C_LANGUAGE_STANDARD = gnu17;
				GCC_DYNAMIC_NO_PIC = NO;
				GCC_NO_COMMON_BLOCKS = YES;
				GCC_OPTIMIZATION_LEVEL = 0;
				GCC_PREPROCESSOR_DEFINITIONS = (
					"DEBUG=1",
					"$(inherited)",
				);
				GCC_WARN_64_TO_32_BIT_CONVERSION = YES;
				GCC_WARN_ABOUT_RETURN_TYPE = YES_ERROR;
				GCC_WARN_UNDECLARED_SELECTOR = YES;
				GCC_WARN_UNINITIALIZED_AUTOS = YES_AGGRESSIVE;
				GCC_WARN_UNUSED_FUNCTION = YES;
				GCC_WARN_UNUSED_VARIABLE = YES;
				IPHONEOS_DEPLOYMENT_TARGET = 17.0;
				LOCALIZATION_PREFERS_STRING_CATALOGS = YES;
				MTL_ENABLE_DEBUG_INFO = INCLUDE_SOURCE;
				MTL_FAST_MATH = YES;
				ONLY_ACTIVE_ARCH = YES;
				OTHER_CFLAGS = "$(inherited)";
				OTHER_CPLUSPLUSFLAGS = "$(inherited)";
				OTHER_LDFLAGS = (
					"$(inherited)",
					"-Wl",
					"-ld_classic",
				);
				REACT_NATIVE_PATH = "${PODS_ROOT}/../../node_modules/react-native";
				SDKROOT = iphoneos;
				USE_HERMES = true;
			};
			name = Debug;
		};
		C2D32AD32B2DEB5D00EFDB8D /* Release */ = {
			isa = XCBuildConfiguration;
			buildSettings = {
				ALWAYS_SEARCH_USER_PATHS = NO;
				ASSETCATALOG_COMPILER_GENERATE_SWIFT_ASSET_SYMBOL_EXTENSIONS = YES;
				CLANG_ANALYZER_NONNULL = YES;
				CLANG_ANALYZER_NUMBER_OBJECT_CONVERSION = YES_AGGRESSIVE;
				CLANG_CXX_LANGUAGE_STANDARD = "c++20";
				CLANG_ENABLE_MODULES = YES;
				CLANG_ENABLE_OBJC_ARC = YES;
				CLANG_ENABLE_OBJC_WEAK = YES;
				CLANG_WARN_BLOCK_CAPTURE_AUTORELEASING = YES;
				CLANG_WARN_BOOL_CONVERSION = YES;
				CLANG_WARN_COMMA = YES;
				CLANG_WARN_CONSTANT_CONVERSION = YES;
				CLANG_WARN_DEPRECATED_OBJC_IMPLEMENTATIONS = YES;
				CLANG_WARN_DIRECT_OBJC_ISA_USAGE = YES_ERROR;
				CLANG_WARN_DOCUMENTATION_COMMENTS = YES;
				CLANG_WARN_EMPTY_BODY = YES;
				CLANG_WARN_ENUM_CONVERSION = YES;
				CLANG_WARN_INFINITE_RECURSION = YES;
				CLANG_WARN_INT_CONVERSION = YES;
				CLANG_WARN_NON_LITERAL_NULL_CONVERSION = YES;
				CLANG_WARN_OBJC_IMPLICIT_RETAIN_SELF = YES;
				CLANG_WARN_OBJC_LITERAL_CONVERSION = YES;
				CLANG_WARN_OBJC_ROOT_CLASS = YES_ERROR;
				CLANG_WARN_QUOTED_INCLUDE_IN_FRAMEWORK_HEADER = YES;
				CLANG_WARN_RANGE_LOOP_ANALYSIS = YES;
				CLANG_WARN_STRICT_PROTOTYPES = YES;
				CLANG_WARN_SUSPICIOUS_MOVE = YES;
				CLANG_WARN_UNGUARDED_AVAILABILITY = YES_AGGRESSIVE;
				CLANG_WARN_UNREACHABLE_CODE = YES;
				CLANG_WARN__DUPLICATE_METHOD_MATCH = YES;
				COPY_PHASE_STRIP = NO;
				DEBUG_INFORMATION_FORMAT = "dwarf-with-dsym";
				ENABLE_NS_ASSERTIONS = NO;
				ENABLE_STRICT_OBJC_MSGSEND = YES;
				ENABLE_USER_SCRIPT_SANDBOXING = YES;
				"EXCLUDED_ARCHS[sdk=iphonesimulator*]" = i386;
				GCC_C_LANGUAGE_STANDARD = gnu17;
				GCC_NO_COMMON_BLOCKS = YES;
				GCC_WARN_64_TO_32_BIT_CONVERSION = YES;
				GCC_WARN_ABOUT_RETURN_TYPE = YES_ERROR;
				GCC_WARN_UNDECLARED_SELECTOR = YES;
				GCC_WARN_UNINITIALIZED_AUTOS = YES_AGGRESSIVE;
				GCC_WARN_UNUSED_FUNCTION = YES;
				GCC_WARN_UNUSED_VARIABLE = YES;
				IPHONEOS_DEPLOYMENT_TARGET = 17.0;
				LOCALIZATION_PREFERS_STRING_CATALOGS = YES;
				MTL_ENABLE_DEBUG_INFO = NO;
				MTL_FAST_MATH = YES;
				OTHER_CFLAGS = "$(inherited)";
				OTHER_CPLUSPLUSFLAGS = "$(inherited)";
				OTHER_LDFLAGS = (
					"$(inherited)",
					"-Wl",
					"-ld_classic",
				);
				REACT_NATIVE_PATH = "${PODS_ROOT}/../../node_modules/react-native";
				SDKROOT = iphoneos;
				USE_HERMES = true;
				VALIDATE_PRODUCT = YES;
			};
			name = Release;
		};
		C2D32AD52B2DEB5D00EFDB8D /* Debug */ = {
			isa = XCBuildConfiguration;
			baseConfigurationReference = D8C620061BADA9880BA062F2 /* Pods-ProjectObjectiveC.debug.xcconfig */;
			buildSettings = {
				ASSETCATALOG_COMPILER_APPICON_NAME = AppIcon;
				ASSETCATALOG_COMPILER_GLOBAL_ACCENT_COLOR_NAME = AccentColor;
				CODE_SIGN_STYLE = Automatic;
				CURRENT_PROJECT_VERSION = 1;
				DEVELOPMENT_TEAM = S9HRLGS74P;
				ENABLE_USER_SCRIPT_SANDBOXING = NO;
				GENERATE_INFOPLIST_FILE = YES;
				INFOPLIST_FILE = ProjectObjectiveC/Info.plist;
				INFOPLIST_KEY_CFBundleDisplayName = testRN;
				INFOPLIST_KEY_UIApplicationSupportsIndirectInputEvents = YES;
				INFOPLIST_KEY_UILaunchStoryboardName = LaunchScreen;
				INFOPLIST_KEY_UIMainStoryboardFile = "";
				INFOPLIST_KEY_UISupportedInterfaceOrientations_iPad = "UIInterfaceOrientationPortrait UIInterfaceOrientationPortraitUpsideDown UIInterfaceOrientationLandscapeLeft UIInterfaceOrientationLandscapeRight";
				INFOPLIST_KEY_UISupportedInterfaceOrientations_iPhone = "UIInterfaceOrientationPortrait UIInterfaceOrientationLandscapeLeft UIInterfaceOrientationLandscapeRight";
				LD_RUNPATH_SEARCH_PATHS = (
					"$(inherited)",
					"@executable_path/Frameworks",
				);
				MARKETING_VERSION = 1.0;
				PRODUCT_BUNDLE_IDENTIFIER = pandakingli.ProjectObjectiveC;
				PRODUCT_NAME = "$(TARGET_NAME)";
				SWIFT_EMIT_LOC_STRINGS = YES;
				TARGETED_DEVICE_FAMILY = "1,2";
			};
			name = Debug;
		};
		C2D32AD62B2DEB5D00EFDB8D /* Release */ = {
			isa = XCBuildConfiguration;
			baseConfigurationReference = 0586BEB0FC05872E55C9DD95 /* Pods-ProjectObjectiveC.release.xcconfig */;
			buildSettings = {
				ASSETCATALOG_COMPILER_APPICON_NAME = AppIcon;
				ASSETCATALOG_COMPILER_GLOBAL_ACCENT_COLOR_NAME = AccentColor;
				CODE_SIGN_STYLE = Automatic;
				CURRENT_PROJECT_VERSION = 1;
				DEVELOPMENT_TEAM = S9HRLGS74P;
				ENABLE_USER_SCRIPT_SANDBOXING = NO;
				GENERATE_INFOPLIST_FILE = YES;
				INFOPLIST_FILE = ProjectObjectiveC/Info.plist;
				INFOPLIST_KEY_CFBundleDisplayName = testRN;
				INFOPLIST_KEY_UIApplicationSupportsIndirectInputEvents = YES;
				INFOPLIST_KEY_UILaunchStoryboardName = LaunchScreen;
				INFOPLIST_KEY_UIMainStoryboardFile = "";
				INFOPLIST_KEY_UISupportedInterfaceOrientations_iPad = "UIInterfaceOrientationPortrait UIInterfaceOrientationPortraitUpsideDown UIInterfaceOrientationLandscapeLeft UIInterfaceOrientationLandscapeRight";
				INFOPLIST_KEY_UISupportedInterfaceOrientations_iPhone = "UIInterfaceOrientationPortrait UIInterfaceOrientationLandscapeLeft UIInterfaceOrientationLandscapeRight";
				LD_RUNPATH_SEARCH_PATHS = (
					"$(inherited)",
					"@executable_path/Frameworks",
				);
				MARKETING_VERSION = 1.0;
				PRODUCT_BUNDLE_IDENTIFIER = pandakingli.ProjectObjectiveC;
				PRODUCT_NAME = "$(TARGET_NAME)";
				SWIFT_EMIT_LOC_STRINGS = YES;
				TARGETED_DEVICE_FAMILY = "1,2";
			};
			name = Release;
		};
/* End XCBuildConfiguration section */

/* Begin XCConfigurationList section */
		C2D32AB62B2DEB5C00EFDB8D /* Build configuration list for PBXProject "ProjectObjectiveC" */ = {
			isa = XCConfigurationList;
			buildConfigurations = (
				C2D32AD22B2DEB5D00EFDB8D /* Debug */,
				C2D32AD32B2DEB5D00EFDB8D /* Release */,
			);
			defaultConfigurationIsVisible = 0;
			defaultConfigurationName = Release;
		};
		C2D32AD42B2DEB5D00EFDB8D /* Build configuration list for PBXNativeTarget "ProjectObjectiveC" */ = {
			isa = XCConfigurationList;
			buildConfigurations = (
				C2D32AD52B2DEB5D00EFDB8D /* Debug */,
				C2D32AD62B2DEB5D00EFDB8D /* Release */,
			);
			defaultConfigurationIsVisible = 0;
			defaultConfigurationName = Release;
		};
/* End XCConfigurationList section */
	};
	rootObject = C2D32AB32B2DEB5C00EFDB8D /* Project object */;
}
